
Microsoft Visual Studio Solution File, Format Version 12.00
# Visual Studio Version 17
VisualStudioVersion = 17.9.34701.34
MinimumVisualStudioVersion = 10.0.40219.1
Project("{FAE04EC0-301F-11D3-BF4B-00C04F79EFBC}") = "Lab4", "Lab4\Lab4.csproj", "{8C006A39-ADE2-42C1-926F-7707B685C33E}"
EndProject
Project("{FAE04EC0-301F-11D3-BF4B-00C04F79EFBC}") = "Zad2", "Zad2\Zad2.csproj", "{8F21B73B-D35F-493F-9BE4-E67E023A7C04}"
EndProject
Global
	GlobalSection(SolutionConfigurationPlatforms) = preSolution
		Debug|Any CPU = Debug|Any CPU
		Release|Any CPU = Release|Any CPU
	EndGlobalSection
	GlobalSection(ProjectConfigurationPlatforms) = postSolution
		{8C006A39-ADE2-42C1-926F-7707B685C33E}.Debug|Any CPU.ActiveCfg = Debug|Any CPU
		{8C006A39-ADE2-42C1-926F-7707B685C33E}.Debug|Any CPU.Build.0 = Debug|Any CPU
		{8C006A39-ADE2-42C1-926F-7707B685C33E}.Release|Any CPU.ActiveCfg = Release|Any CPU
		{8C006A39-ADE2-42C1-926F-7707B685C33E}.Release|Any CPU.Build.0 = Release|Any CPU
		{8F21B73B-D35F-493F-9BE4-E67E023A7C04}.Debug|Any CPU.ActiveCfg = Debug|Any CPU
		{8F21B73B-D35F-493F-9BE4-E67E023A7C04}.Debug|Any CPU.Build.0 = Debug|Any CPU
		{8F21B73B-D35F-493F-9BE4-E67E023A7C04}.Release|Any CPU.ActiveCfg = Release|Any CPU
		{8F21B73B-D35F-493F-9BE4-E67E023A7C04}.Release|Any CPU.Build.0 = Release|Any CPU
	EndGlobalSection
	GlobalSection(SolutionProperties) = preSolution
		HideSolutionNode = FALSE
	EndGlobalSection
	GlobalSection(ExtensibilityGlobals) = postSolution
		SolutionGuid = {BB0EE1A1-FE05-4C38-BD44-C090CD3FD507}
	EndGlobalSection
EndGlobal
